// !$*UTF8*$!
{
	archiveVersion = 1;
	classes = {
	};
	objectVersion = 56;
	objects = {

/* Begin PBXBuildFile section */
		E21FD72929AC3993000DC018 /* RMCharacterCollectionViewCellViewModel.swift in Sources */ = {isa = PBXBuildFile; fileRef = E21FD72829AC3993000DC018 /* RMCharacterCollectionViewCellViewModel.swift */; };
		E225A0DB2AC2FB8E00179E9B /* RMFooterLoadingCollectionReusableView.swift in Sources */ = {isa = PBXBuildFile; fileRef = E225A0DA2AC2FB8E00179E9B /* RMFooterLoadingCollectionReusableView.swift */; };
		E22664B12AC25A8600E83819 /* RMCharacterDetailViewController.swift in Sources */ = {isa = PBXBuildFile; fileRef = E22664B02AC25A8600E83819 /* RMCharacterDetailViewController.swift */; };
		E239F16F2994A0D800EB453E /* RMGetAllCharactersResponse.swift in Sources */ = {isa = PBXBuildFile; fileRef = E239F16E2994A0D800EB453E /* RMGetAllCharactersResponse.swift */; };
		E28863B42995D60C008F2E28 /* RMCharacterListViewViewModel.swift in Sources */ = {isa = PBXBuildFile; fileRef = E28863B32995D60C008F2E28 /* RMCharacterListViewViewModel.swift */; };
		E28863B62995D65C008F2E28 /* RMCharacterListView.swift in Sources */ = {isa = PBXBuildFile; fileRef = E28863B52995D65C008F2E28 /* RMCharacterListView.swift */; };
		E28863B82995DC99008F2E28 /* Extensions.swift in Sources */ = {isa = PBXBuildFile; fileRef = E28863B72995DC99008F2E28 /* Extensions.swift */; };
		E28863BA299B1E90008F2E28 /* RMCharacterCollectionViewCell.swift in Sources */ = {isa = PBXBuildFile; fileRef = E28863B9299B1E90008F2E28 /* RMCharacterCollectionViewCell.swift */; };
		E2A86485298FFAF00015D155 /* AppDelegate.swift in Sources */ = {isa = PBXBuildFile; fileRef = E2A86484298FFAF00015D155 /* AppDelegate.swift */; };
		E2A86487298FFAF00015D155 /* SceneDelegate.swift in Sources */ = {isa = PBXBuildFile; fileRef = E2A86486298FFAF00015D155 /* SceneDelegate.swift */; };
		E2A86489298FFAF00015D155 /* RMTabBarViewController.swift in Sources */ = {isa = PBXBuildFile; fileRef = E2A86488298FFAF00015D155 /* RMTabBarViewController.swift */; };
		E2A8648E298FFAF40015D155 /* Assets.xcassets in Resources */ = {isa = PBXBuildFile; fileRef = E2A8648D298FFAF40015D155 /* Assets.xcassets */; };
		E2A86491298FFAF40015D155 /* LaunchScreen.storyboard in Resources */ = {isa = PBXBuildFile; fileRef = E2A8648F298FFAF40015D155 /* LaunchScreen.storyboard */; };
		E2A864A2299021660015D155 /* RMLocation.swift in Sources */ = {isa = PBXBuildFile; fileRef = E2A864A1299021660015D155 /* RMLocation.swift */; };
		E2A864A4299021710015D155 /* RMCharacter.swift in Sources */ = {isa = PBXBuildFile; fileRef = E2A864A3299021710015D155 /* RMCharacter.swift */; };
		E2A864A62990217C0015D155 /* RMEpisode.swift in Sources */ = {isa = PBXBuildFile; fileRef = E2A864A52990217C0015D155 /* RMEpisode.swift */; };
		E2A864A92990228D0015D155 /* RMCharacterViewController.swift in Sources */ = {isa = PBXBuildFile; fileRef = E2A864A82990228D0015D155 /* RMCharacterViewController.swift */; };
		E2A864AB2990229B0015D155 /* RMEpisodeViewController.swift in Sources */ = {isa = PBXBuildFile; fileRef = E2A864AA2990229B0015D155 /* RMEpisodeViewController.swift */; };
		E2A864AD299022B00015D155 /* RMSettingsViewController.swift in Sources */ = {isa = PBXBuildFile; fileRef = E2A864AC299022B00015D155 /* RMSettingsViewController.swift */; };
		E2A864AF299022BF0015D155 /* RMLocationViewController.swift in Sources */ = {isa = PBXBuildFile; fileRef = E2A864AE299022BF0015D155 /* RMLocationViewController.swift */; };
		E2A864B12990346C0015D155 /* RMService.swift in Sources */ = {isa = PBXBuildFile; fileRef = E2A864B02990346C0015D155 /* RMService.swift */; };
		E2A864B32990347D0015D155 /* RMRequest.swift in Sources */ = {isa = PBXBuildFile; fileRef = E2A864B22990347D0015D155 /* RMRequest.swift */; };
		E2A864B5299037260015D155 /* RMEndpoint.swift in Sources */ = {isa = PBXBuildFile; fileRef = E2A864B4299037260015D155 /* RMEndpoint.swift */; };
		E2A864B729903BFA0015D155 /* RMOrigin.swift in Sources */ = {isa = PBXBuildFile; fileRef = E2A864B629903BFA0015D155 /* RMOrigin.swift */; };
		E2A864B929903C610015D155 /* RMSingleLocation.swift in Sources */ = {isa = PBXBuildFile; fileRef = E2A864B829903C610015D155 /* RMSingleLocation.swift */; };
		E2A864BB29903D2E0015D155 /* RMCharacterStatus.swift in Sources */ = {isa = PBXBuildFile; fileRef = E2A864BA29903D2E0015D155 /* RMCharacterStatus.swift */; };
		E2A864BD29903D510015D155 /* RMCharacterGender.swift in Sources */ = {isa = PBXBuildFile; fileRef = E2A864BC29903D510015D155 /* RMCharacterGender.swift */; };
		E2D525222AC25E7F0045279A /* RMCharacterDetailView.swift in Sources */ = {isa = PBXBuildFile; fileRef = E2D525212AC25E7F0045279A /* RMCharacterDetailView.swift */; };
		E2D525252AC25EC80045279A /* RMCharacterDetailViewViewModel.swift in Sources */ = {isa = PBXBuildFile; fileRef = E2D525242AC25EC80045279A /* RMCharacterDetailViewViewModel.swift */; };
/* End PBXBuildFile section */

/* Begin PBXFileReference section */
		E21FD72829AC3993000DC018 /* RMCharacterCollectionViewCellViewModel.swift */ = {isa = PBXFileReference; lastKnownFileType = sourcecode.swift; path = RMCharacterCollectionViewCellViewModel.swift; sourceTree = "<group>"; };
		E225A0DA2AC2FB8E00179E9B /* RMFooterLoadingCollectionReusableView.swift */ = {isa = PBXFileReference; lastKnownFileType = sourcecode.swift; path = RMFooterLoadingCollectionReusableView.swift; sourceTree = "<group>"; };
		E22664B02AC25A8600E83819 /* RMCharacterDetailViewController.swift */ = {isa = PBXFileReference; lastKnownFileType = sourcecode.swift; path = RMCharacterDetailViewController.swift; sourceTree = "<group>"; };
		E239F16E2994A0D800EB453E /* RMGetAllCharactersResponse.swift */ = {isa = PBXFileReference; lastKnownFileType = sourcecode.swift; path = RMGetAllCharactersResponse.swift; sourceTree = "<group>"; };
		E28863B32995D60C008F2E28 /* RMCharacterListViewViewModel.swift */ = {isa = PBXFileReference; lastKnownFileType = sourcecode.swift; path = RMCharacterListViewViewModel.swift; sourceTree = "<group>"; };
		E28863B52995D65C008F2E28 /* RMCharacterListView.swift */ = {isa = PBXFileReference; lastKnownFileType = sourcecode.swift; path = RMCharacterListView.swift; sourceTree = "<group>"; };
		E28863B72995DC99008F2E28 /* Extensions.swift */ = {isa = PBXFileReference; lastKnownFileType = sourcecode.swift; path = Extensions.swift; sourceTree = "<group>"; };
		E28863B9299B1E90008F2E28 /* RMCharacterCollectionViewCell.swift */ = {isa = PBXFileReference; lastKnownFileType = sourcecode.swift; path = RMCharacterCollectionViewCell.swift; sourceTree = "<group>"; };
		E2A86481298FFAF00015D155 /* RickAndMorty.app */ = {isa = PBXFileReference; explicitFileType = wrapper.application; includeInIndex = 0; path = RickAndMorty.app; sourceTree = BUILT_PRODUCTS_DIR; };
		E2A86484298FFAF00015D155 /* AppDelegate.swift */ = {isa = PBXFileReference; lastKnownFileType = sourcecode.swift; path = AppDelegate.swift; sourceTree = "<group>"; };
		E2A86486298FFAF00015D155 /* SceneDelegate.swift */ = {isa = PBXFileReference; lastKnownFileType = sourcecode.swift; path = SceneDelegate.swift; sourceTree = "<group>"; };
		E2A86488298FFAF00015D155 /* RMTabBarViewController.swift */ = {isa = PBXFileReference; lastKnownFileType = sourcecode.swift; path = RMTabBarViewController.swift; sourceTree = "<group>"; };
		E2A8648D298FFAF40015D155 /* Assets.xcassets */ = {isa = PBXFileReference; lastKnownFileType = folder.assetcatalog; path = Assets.xcassets; sourceTree = "<group>"; };
		E2A86490298FFAF40015D155 /* Base */ = {isa = PBXFileReference; lastKnownFileType = file.storyboard; name = Base; path = Base.lproj/LaunchScreen.storyboard; sourceTree = "<group>"; };
		E2A86492298FFAF40015D155 /* Info.plist */ = {isa = PBXFileReference; lastKnownFileType = text.plist.xml; path = Info.plist; sourceTree = "<group>"; };
		E2A864A1299021660015D155 /* RMLocation.swift */ = {isa = PBXFileReference; lastKnownFileType = sourcecode.swift; path = RMLocation.swift; sourceTree = "<group>"; };
		E2A864A3299021710015D155 /* RMCharacter.swift */ = {isa = PBXFileReference; lastKnownFileType = sourcecode.swift; path = RMCharacter.swift; sourceTree = "<group>"; };
		E2A864A52990217C0015D155 /* RMEpisode.swift */ = {isa = PBXFileReference; lastKnownFileType = sourcecode.swift; path = RMEpisode.swift; sourceTree = "<group>"; };
		E2A864A82990228D0015D155 /* RMCharacterViewController.swift */ = {isa = PBXFileReference; lastKnownFileType = sourcecode.swift; path = RMCharacterViewController.swift; sourceTree = "<group>"; };
		E2A864AA2990229B0015D155 /* RMEpisodeViewController.swift */ = {isa = PBXFileReference; lastKnownFileType = sourcecode.swift; path = RMEpisodeViewController.swift; sourceTree = "<group>"; };
		E2A864AC299022B00015D155 /* RMSettingsViewController.swift */ = {isa = PBXFileReference; lastKnownFileType = sourcecode.swift; path = RMSettingsViewController.swift; sourceTree = "<group>"; };
		E2A864AE299022BF0015D155 /* RMLocationViewController.swift */ = {isa = PBXFileReference; lastKnownFileType = sourcecode.swift; path = RMLocationViewController.swift; sourceTree = "<group>"; };
		E2A864B02990346C0015D155 /* RMService.swift */ = {isa = PBXFileReference; lastKnownFileType = sourcecode.swift; path = RMService.swift; sourceTree = "<group>"; };
		E2A864B22990347D0015D155 /* RMRequest.swift */ = {isa = PBXFileReference; lastKnownFileType = sourcecode.swift; path = RMRequest.swift; sourceTree = "<group>"; };
		E2A864B4299037260015D155 /* RMEndpoint.swift */ = {isa = PBXFileReference; lastKnownFileType = sourcecode.swift; path = RMEndpoint.swift; sourceTree = "<group>"; };
		E2A864B629903BFA0015D155 /* RMOrigin.swift */ = {isa = PBXFileReference; lastKnownFileType = sourcecode.swift; path = RMOrigin.swift; sourceTree = "<group>"; };
		E2A864B829903C610015D155 /* RMSingleLocation.swift */ = {isa = PBXFileReference; lastKnownFileType = sourcecode.swift; path = RMSingleLocation.swift; sourceTree = "<group>"; };
		E2A864BA29903D2E0015D155 /* RMCharacterStatus.swift */ = {isa = PBXFileReference; lastKnownFileType = sourcecode.swift; path = RMCharacterStatus.swift; sourceTree = "<group>"; };
		E2A864BC29903D510015D155 /* RMCharacterGender.swift */ = {isa = PBXFileReference; lastKnownFileType = sourcecode.swift; path = RMCharacterGender.swift; sourceTree = "<group>"; };
		E2D525212AC25E7F0045279A /* RMCharacterDetailView.swift */ = {isa = PBXFileReference; lastKnownFileType = sourcecode.swift; path = RMCharacterDetailView.swift; sourceTree = "<group>"; };
		E2D525242AC25EC80045279A /* RMCharacterDetailViewViewModel.swift */ = {isa = PBXFileReference; lastKnownFileType = sourcecode.swift; path = RMCharacterDetailViewViewModel.swift; sourceTree = "<group>"; };
/* End PBXFileReference section */

/* Begin PBXFrameworksBuildPhase section */
		E2A8647E298FFAF00015D155 /* Frameworks */ = {
			isa = PBXFrameworksBuildPhase;
			buildActionMask = 2147483647;
			files = (
			);
			runOnlyForDeploymentPostprocessing = 0;
		};
/* End PBXFrameworksBuildPhase section */

/* Begin PBXGroup section */
		E22664AF2AC25A5A00E83819 /* Other */ = {
			isa = PBXGroup;
			children = (
				E22664B02AC25A8600E83819 /* RMCharacterDetailViewController.swift */,
			);
			path = Other;
			sourceTree = "<group>";
		};
		E239F16C2994A0A500EB453E /* DataTypes */ = {
			isa = PBXGroup;
			children = (
				E2A864A1299021660015D155 /* RMLocation.swift */,
				E2A864A3299021710015D155 /* RMCharacter.swift */,
				E2A864A52990217C0015D155 /* RMEpisode.swift */,
				E2A864B629903BFA0015D155 /* RMOrigin.swift */,
				E2A864B829903C610015D155 /* RMSingleLocation.swift */,
				E2A864BA29903D2E0015D155 /* RMCharacterStatus.swift */,
				E2A864BC29903D510015D155 /* RMCharacterGender.swift */,
			);
			path = DataTypes;
			sourceTree = "<group>";
		};
		E239F16D2994A0BC00EB453E /* APIResponseTypes */ = {
			isa = PBXGroup;
			children = (
				E239F16E2994A0D800EB453E /* RMGetAllCharactersResponse.swift */,
			);
			path = APIResponseTypes;
			sourceTree = "<group>";
		};
		E2A86478298FFAF00015D155 = {
			isa = PBXGroup;
			children = (
				E2A86483298FFAF00015D155 /* RickAndMorty */,
				E2A86482298FFAF00015D155 /* Products */,
			);
			sourceTree = "<group>";
		};
		E2A86482298FFAF00015D155 /* Products */ = {
			isa = PBXGroup;
			children = (
				E2A86481298FFAF00015D155 /* RickAndMorty.app */,
			);
			name = Products;
			sourceTree = "<group>";
		};
		E2A86483298FFAF00015D155 /* RickAndMorty */ = {
			isa = PBXGroup;
			children = (
				E2A864A0299020FC0015D155 /* Resources */,
				E2A8649D299020CD0015D155 /* Managers */,
				E2A8649C299020C10015D155 /* APIClient */,
				E2A8649B299020A10015D155 /* ViewModels */,
				E2A86498299020780015D155 /* Views */,
				E2A86499299020800015D155 /* Models */,
				E2A8649A299020860015D155 /* Controllers */,
				E2A86492298FFAF40015D155 /* Info.plist */,
			);
			path = RickAndMorty;
			sourceTree = "<group>";
		};
		E2A86498299020780015D155 /* Views */ = {
			isa = PBXGroup;
			children = (
				E28863B52995D65C008F2E28 /* RMCharacterListView.swift */,
				E28863B9299B1E90008F2E28 /* RMCharacterCollectionViewCell.swift */,
				E2D525212AC25E7F0045279A /* RMCharacterDetailView.swift */,
				E225A0DA2AC2FB8E00179E9B /* RMFooterLoadingCollectionReusableView.swift */,
			);
			path = Views;
			sourceTree = "<group>";
		};
		E2A86499299020800015D155 /* Models */ = {
			isa = PBXGroup;
			children = (
				E239F16D2994A0BC00EB453E /* APIResponseTypes */,
				E239F16C2994A0A500EB453E /* DataTypes */,
			);
			path = Models;
			sourceTree = "<group>";
		};
		E2A8649A299020860015D155 /* Controllers */ = {
			isa = PBXGroup;
			children = (
				E22664AF2AC25A5A00E83819 /* Other */,
				E2A864A7299022580015D155 /* Core */,
			);
			path = Controllers;
			sourceTree = "<group>";
		};
		E2A8649B299020A10015D155 /* ViewModels */ = {
			isa = PBXGroup;
			children = (
				E28863B32995D60C008F2E28 /* RMCharacterListViewViewModel.swift */,
				E21FD72829AC3993000DC018 /* RMCharacterCollectionViewCellViewModel.swift */,
				E2D525242AC25EC80045279A /* RMCharacterDetailViewViewModel.swift */,
			);
			path = ViewModels;
			sourceTree = "<group>";
		};
		E2A8649C299020C10015D155 /* APIClient */ = {
			isa = PBXGroup;
			children = (
				E2A864B02990346C0015D155 /* RMService.swift */,
				E2A864B22990347D0015D155 /* RMRequest.swift */,
				E2A864B4299037260015D155 /* RMEndpoint.swift */,
			);
			path = APIClient;
			sourceTree = "<group>";
		};
		E2A8649D299020CD0015D155 /* Managers */ = {
			isa = PBXGroup;
			children = (
			);
			path = Managers;
			sourceTree = "<group>";
		};
		E2A864A0299020FC0015D155 /* Resources */ = {
			isa = PBXGroup;
			children = (
				E2A86484298FFAF00015D155 /* AppDelegate.swift */,
				E2A86486298FFAF00015D155 /* SceneDelegate.swift */,
				E2A8648F298FFAF40015D155 /* LaunchScreen.storyboard */,
				E2A8648D298FFAF40015D155 /* Assets.xcassets */,
				E28863B72995DC99008F2E28 /* Extensions.swift */,
			);
			path = Resources;
			sourceTree = "<group>";
		};
		E2A864A7299022580015D155 /* Core */ = {
			isa = PBXGroup;
			children = (
				E2A86488298FFAF00015D155 /* RMTabBarViewController.swift */,
				E2A864A82990228D0015D155 /* RMCharacterViewController.swift */,
				E2A864AA2990229B0015D155 /* RMEpisodeViewController.swift */,
				E2A864AC299022B00015D155 /* RMSettingsViewController.swift */,
				E2A864AE299022BF0015D155 /* RMLocationViewController.swift */,
			);
			path = Core;
			sourceTree = "<group>";
		};
/* End PBXGroup section */

/* Begin PBXNativeTarget section */
		E2A86480298FFAF00015D155 /* RickAndMorty */ = {
			isa = PBXNativeTarget;
			buildConfigurationList = E2A86495298FFAF40015D155 /* Build configuration list for PBXNativeTarget "RickAndMorty" */;
			buildPhases = (
				E2A8647D298FFAF00015D155 /* Sources */,
				E2A8647E298FFAF00015D155 /* Frameworks */,
				E2A8647F298FFAF00015D155 /* Resources */,
			);
			buildRules = (
			);
			dependencies = (
			);
			name = RickAndMorty;
			productName = RickAndMorty;
			productReference = E2A86481298FFAF00015D155 /* RickAndMorty.app */;
			productType = "com.apple.product-type.application";
		};
/* End PBXNativeTarget section */

/* Begin PBXProject section */
		E2A86479298FFAF00015D155 /* Project object */ = {
			isa = PBXProject;
			attributes = {
				BuildIndependentTargetsInParallel = 1;
				LastSwiftUpdateCheck = 1420;
				LastUpgradeCheck = 1420;
				TargetAttributes = {
					E2A86480298FFAF00015D155 = {
						CreatedOnToolsVersion = 14.2;
					};
				};
			};
			buildConfigurationList = E2A8647C298FFAF00015D155 /* Build configuration list for PBXProject "RickAndMorty" */;
			compatibilityVersion = "Xcode 14.0";
			developmentRegion = en;
			hasScannedForEncodings = 0;
			knownRegions = (
				en,
				Base,
			);
			mainGroup = E2A86478298FFAF00015D155;
			productRefGroup = E2A86482298FFAF00015D155 /* Products */;
			projectDirPath = "";
			projectRoot = "";
			targets = (
				E2A86480298FFAF00015D155 /* RickAndMorty */,
			);
		};
/* End PBXProject section */

/* Begin PBXResourcesBuildPhase section */
		E2A8647F298FFAF00015D155 /* Resources */ = {
			isa = PBXResourcesBuildPhase;
			buildActionMask = 2147483647;
			files = (
				E2A86491298FFAF40015D155 /* LaunchScreen.storyboard in Resources */,
				E2A8648E298FFAF40015D155 /* Assets.xcassets in Resources */,
			);
			runOnlyForDeploymentPostprocessing = 0;
		};
/* End PBXResourcesBuildPhase section */

/* Begin PBXSourcesBuildPhase section */
		E2A8647D298FFAF00015D155 /* Sources */ = {
			isa = PBXSourcesBuildPhase;
			buildActionMask = 2147483647;
			files = (
				E2A864B729903BFA0015D155 /* RMOrigin.swift in Sources */,
				E2D525252AC25EC80045279A /* RMCharacterDetailViewViewModel.swift in Sources */,
				E2A864B929903C610015D155 /* RMSingleLocation.swift in Sources */,
				E28863B62995D65C008F2E28 /* RMCharacterListView.swift in Sources */,
				E239F16F2994A0D800EB453E /* RMGetAllCharactersResponse.swift in Sources */,
				E2A864BB29903D2E0015D155 /* RMCharacterStatus.swift in Sources */,
				E2A864BD29903D510015D155 /* RMCharacterGender.swift in Sources */,
				E22664B12AC25A8600E83819 /* RMCharacterDetailViewController.swift in Sources */,
				E225A0DB2AC2FB8E00179E9B /* RMFooterLoadingCollectionReusableView.swift in Sources */,
				E2A864AD299022B00015D155 /* RMSettingsViewController.swift in Sources */,
				E2A864A62990217C0015D155 /* RMEpisode.swift in Sources */,
				E2A86489298FFAF00015D155 /* RMTabBarViewController.swift in Sources */,
				E28863BA299B1E90008F2E28 /* RMCharacterCollectionViewCell.swift in Sources */,
				E2A86485298FFAF00015D155 /* AppDelegate.swift in Sources */,
				E2A86487298FFAF00015D155 /* SceneDelegate.swift in Sources */,
				E2A864A2299021660015D155 /* RMLocation.swift in Sources */,
				E2A864AF299022BF0015D155 /* RMLocationViewController.swift in Sources */,
				E28863B82995DC99008F2E28 /* Extensions.swift in Sources */,
				E2A864B12990346C0015D155 /* RMService.swift in Sources */,
				E2A864A4299021710015D155 /* RMCharacter.swift in Sources */,
				E2A864B5299037260015D155 /* RMEndpoint.swift in Sources */,
				E2A864A92990228D0015D155 /* RMCharacterViewController.swift in Sources */,
				E21FD72929AC3993000DC018 /* RMCharacterCollectionViewCellViewModel.swift in Sources */,
				E2A864B32990347D0015D155 /* RMRequest.swift in Sources */,
				E28863B42995D60C008F2E28 /* RMCharacterListViewViewModel.swift in Sources */,
				E2A864AB2990229B0015D155 /* RMEpisodeViewController.swift in Sources */,
				E2D525222AC25E7F0045279A /* RMCharacterDetailView.swift in Sources */,
			);
			runOnlyForDeploymentPostprocessing = 0;
		};
/* End PBXSourcesBuildPhase section */

/* Begin PBXVariantGroup section */
		E2A8648F298FFAF40015D155 /* LaunchScreen.storyboard */ = {
			isa = PBXVariantGroup;
			children = (
				E2A86490298FFAF40015D155 /* Base */,
			);
			name = LaunchScreen.storyboard;
			sourceTree = "<group>";
		};
/* End PBXVariantGroup section */

/* Begin XCBuildConfiguration section */
		E2A86493298FFAF40015D155 /* Debug */ = {
			isa = XCBuildConfiguration;
			buildSettings = {
				ALWAYS_SEARCH_USER_PATHS = NO;
				CLANG_ANALYZER_NONNULL = YES;
				CLANG_ANALYZER_NUMBER_OBJECT_CONVERSION = YES_AGGRESSIVE;
				CLANG_CXX_LANGUAGE_STANDARD = "gnu++20";
				CLANG_ENABLE_MODULES = YES;
				CLANG_ENABLE_OBJC_ARC = YES;
				CLANG_ENABLE_OBJC_WEAK = YES;
				CLANG_WARN_BLOCK_CAPTURE_AUTORELEASING = YES;
				CLANG_WARN_BOOL_CONVERSION = YES;
				CLANG_WARN_COMMA = YES;
				CLANG_WARN_CONSTANT_CONVERSION = YES;
				CLANG_WARN_DEPRECATED_OBJC_IMPLEMENTATIONS = YES;
				CLANG_WARN_DIRECT_OBJC_ISA_USAGE = YES_ERROR;
				CLANG_WARN_DOCUMENTATION_COMMENTS = YES;
				CLANG_WARN_EMPTY_BODY = YES;
				CLANG_WARN_ENUM_CONVERSION = YES;
				CLANG_WARN_INFINITE_RECURSION = YES;
				CLANG_WARN_INT_CONVERSION = YES;
				CLANG_WARN_NON_LITERAL_NULL_CONVERSION = YES;
				CLANG_WARN_OBJC_IMPLICIT_RETAIN_SELF = YES;
				CLANG_WARN_OBJC_LITERAL_CONVERSION = YES;
				CLANG_WARN_OBJC_ROOT_CLASS = YES_ERROR;
				CLANG_WARN_QUOTED_INCLUDE_IN_FRAMEWORK_HEADER = YES;
				CLANG_WARN_RANGE_LOOP_ANALYSIS = YES;
				CLANG_WARN_STRICT_PROTOTYPES = YES;
				CLANG_WARN_SUSPICIOUS_MOVE = YES;
				CLANG_WARN_UNGUARDED_AVAILABILITY = YES_AGGRESSIVE;
				CLANG_WARN_UNREACHABLE_CODE = YES;
				CLANG_WARN__DUPLICATE_METHOD_MATCH = YES;
				COPY_PHASE_STRIP = NO;
				DEBUG_INFORMATION_FORMAT = dwarf;
				ENABLE_STRICT_OBJC_MSGSEND = YES;
				ENABLE_TESTABILITY = YES;
				GCC_C_LANGUAGE_STANDARD = gnu11;
				GCC_DYNAMIC_NO_PIC = NO;
				GCC_NO_COMMON_BLOCKS = YES;
				GCC_OPTIMIZATION_LEVEL = 0;
				GCC_PREPROCESSOR_DEFINITIONS = (
					"DEBUG=1",
					"$(inherited)",
				);
				GCC_WARN_64_TO_32_BIT_CONVERSION = YES;
				GCC_WARN_ABOUT_RETURN_TYPE = YES_ERROR;
				GCC_WARN_UNDECLARED_SELECTOR = YES;
				GCC_WARN_UNINITIALIZED_AUTOS = YES_AGGRESSIVE;
				GCC_WARN_UNUSED_FUNCTION = YES;
				GCC_WARN_UNUSED_VARIABLE = YES;
				IPHONEOS_DEPLOYMENT_TARGET = 16.2;
				MTL_ENABLE_DEBUG_INFO = INCLUDE_SOURCE;
				MTL_FAST_MATH = YES;
				ONLY_ACTIVE_ARCH = YES;
				SDKROOT = iphoneos;
				SWIFT_ACTIVE_COMPILATION_CONDITIONS = DEBUG;
				SWIFT_OPTIMIZATION_LEVEL = "-Onone";
			};
			name = Debug;
		};
		E2A86494298FFAF40015D155 /* Release */ = {
			isa = XCBuildConfiguration;
			buildSettings = {
				ALWAYS_SEARCH_USER_PATHS = NO;
				CLANG_ANALYZER_NONNULL = YES;
				CLANG_ANALYZER_NUMBER_OBJECT_CONVERSION = YES_AGGRESSIVE;
				CLANG_CXX_LANGUAGE_STANDARD = "gnu++20";
				CLANG_ENABLE_MODULES = YES;
				CLANG_ENABLE_OBJC_ARC = YES;
				CLANG_ENABLE_OBJC_WEAK = YES;
				CLANG_WARN_BLOCK_CAPTURE_AUTORELEASING = YES;
				CLANG_WARN_BOOL_CONVERSION = YES;
				CLANG_WARN_COMMA = YES;
				CLANG_WARN_CONSTANT_CONVERSION = YES;
				CLANG_WARN_DEPRECATED_OBJC_IMPLEMENTATIONS = YES;
				CLANG_WARN_DIRECT_OBJC_ISA_USAGE = YES_ERROR;
				CLANG_WARN_DOCUMENTATION_COMMENTS = YES;
				CLANG_WARN_EMPTY_BODY = YES;
				CLANG_WARN_ENUM_CONVERSION = YES;
				CLANG_WARN_INFINITE_RECURSION = YES;
				CLANG_WARN_INT_CONVERSION = YES;
				CLANG_WARN_NON_LITERAL_NULL_CONVERSION = YES;
				CLANG_WARN_OBJC_IMPLICIT_RETAIN_SELF = YES;
				CLANG_WARN_OBJC_LITERAL_CONVERSION = YES;
				CLANG_WARN_OBJC_ROOT_CLASS = YES_ERROR;
				CLANG_WARN_QUOTED_INCLUDE_IN_FRAMEWORK_HEADER = YES;
				CLANG_WARN_RANGE_LOOP_ANALYSIS = YES;
				CLANG_WARN_STRICT_PROTOTYPES = YES;
				CLANG_WARN_SUSPICIOUS_MOVE = YES;
				CLANG_WARN_UNGUARDED_AVAILABILITY = YES_AGGRESSIVE;
				CLANG_WARN_UNREACHABLE_CODE = YES;
				CLANG_WARN__DUPLICATE_METHOD_MATCH = YES;
				COPY_PHASE_STRIP = NO;
				DEBUG_INFORMATION_FORMAT = "dwarf-with-dsym";
				ENABLE_NS_ASSERTIONS = NO;
				ENABLE_STRICT_OBJC_MSGSEND = YES;
				GCC_C_LANGUAGE_STANDARD = gnu11;
				GCC_NO_COMMON_BLOCKS = YES;
				GCC_WARN_64_TO_32_BIT_CONVERSION = YES;
				GCC_WARN_ABOUT_RETURN_TYPE = YES_ERROR;
				GCC_WARN_UNDECLARED_SELECTOR = YES;
				GCC_WARN_UNINITIALIZED_AUTOS = YES_AGGRESSIVE;
				GCC_WARN_UNUSED_FUNCTION = YES;
				GCC_WARN_UNUSED_VARIABLE = YES;
				IPHONEOS_DEPLOYMENT_TARGET = 16.2;
				MTL_ENABLE_DEBUG_INFO = NO;
				MTL_FAST_MATH = YES;
				SDKROOT = iphoneos;
				SWIFT_COMPILATION_MODE = wholemodule;
				SWIFT_OPTIMIZATION_LEVEL = "-O";
				VALIDATE_PRODUCT = YES;
			};
			name = Release;
		};
		E2A86496298FFAF40015D155 /* Debug */ = {
			isa = XCBuildConfiguration;
			buildSettings = {
				ASSETCATALOG_COMPILER_APPICON_NAME = AppIcon;
				ASSETCATALOG_COMPILER_GLOBAL_ACCENT_COLOR_NAME = AccentColor;
				CODE_SIGN_STYLE = Automatic;
				CURRENT_PROJECT_VERSION = 1;
				DEVELOPMENT_TEAM = TNS44TZY6M;
				GENERATE_INFOPLIST_FILE = YES;
				INFOPLIST_FILE = RickAndMorty/Info.plist;
				INFOPLIST_KEY_UIApplicationSupportsIndirectInputEvents = YES;
				INFOPLIST_KEY_UILaunchStoryboardName = LaunchScreen;
				INFOPLIST_KEY_UISupportedInterfaceOrientations_iPad = "UIInterfaceOrientationPortrait UIInterfaceOrientationPortraitUpsideDown UIInterfaceOrientationLandscapeLeft UIInterfaceOrientationLandscapeRight";
				INFOPLIST_KEY_UISupportedInterfaceOrientations_iPhone = "UIInterfaceOrientationPortrait UIInterfaceOrientationLandscapeLeft UIInterfaceOrientationLandscapeRight";
				LD_RUNPATH_SEARCH_PATHS = (
					"$(inherited)",
					"@executable_path/Frameworks",
				);
				MARKETING_VERSION = 1.0;
				PRODUCT_BUNDLE_IDENTIFIER = com.example.RickAndMorty;
				PRODUCT_NAME = "$(TARGET_NAME)";
				SWIFT_EMIT_LOC_STRINGS = YES;
				SWIFT_VERSION = 5.0;
				TARGETED_DEVICE_FAMILY = "1,2";
			};
			name = Debug;
		};
		E2A86497298FFAF40015D155 /* Release */ = {
			isa = XCBuildConfiguration;
			buildSettings = {
				ASSETCATALOG_COMPILER_APPICON_NAME = AppIcon;
				ASSETCATALOG_COMPILER_GLOBAL_ACCENT_COLOR_NAME = AccentColor;
				CODE_SIGN_STYLE = Automatic;
				CURRENT_PROJECT_VERSION = 1;
				DEVELOPMENT_TEAM = TNS44TZY6M;
				GENERATE_INFOPLIST_FILE = YES;
				INFOPLIST_FILE = RickAndMorty/Info.plist;
				INFOPLIST_KEY_UIApplicationSupportsIndirectInputEvents = YES;
				INFOPLIST_KEY_UILaunchStoryboardName = LaunchScreen;
				INFOPLIST_KEY_UISupportedInterfaceOrientations_iPad = "UIInterfaceOrientationPortrait UIInterfaceOrientationPortraitUpsideDown UIInterfaceOrientationLandscapeLeft UIInterfaceOrientationLandscapeRight";
				INFOPLIST_KEY_UISupportedInterfaceOrientations_iPhone = "UIInterfaceOrientationPortrait UIInterfaceOrientationLandscapeLeft UIInterfaceOrientationLandscapeRight";
				LD_RUNPATH_SEARCH_PATHS = (
					"$(inherited)",
					"@executable_path/Frameworks",
				);
				MARKETING_VERSION = 1.0;
				PRODUCT_BUNDLE_IDENTIFIER = com.example.RickAndMorty;
				PRODUCT_NAME = "$(TARGET_NAME)";
				SWIFT_EMIT_LOC_STRINGS = YES;
				SWIFT_VERSION = 5.0;
				TARGETED_DEVICE_FAMILY = "1,2";
			};
			name = Release;
		};
/* End XCBuildConfiguration section */

/* Begin XCConfigurationList section */
		E2A8647C298FFAF00015D155 /* Build configuration list for PBXProject "RickAndMorty" */ = {
			isa = XCConfigurationList;
			buildConfigurations = (
				E2A86493298FFAF40015D155 /* Debug */,
				E2A86494298FFAF40015D155 /* Release */,
			);
			defaultConfigurationIsVisible = 0;
			defaultConfigurationName = Release;
		};
		E2A86495298FFAF40015D155 /* Build configuration list for PBXNativeTarget "RickAndMorty" */ = {
			isa = XCConfigurationList;
			buildConfigurations = (
				E2A86496298FFAF40015D155 /* Debug */,
				E2A86497298FFAF40015D155 /* Release */,
			);
			defaultConfigurationIsVisible = 0;
			defaultConfigurationName = Release;
		};
/* End XCConfigurationList section */
	};
	rootObject = E2A86479298FFAF00015D155 /* Project object */;
}
